// !$*UTF8*$!
{
	archiveVersion = 1;
	classes = {
	};
	objectVersion = 46;
	objects = {

/* Begin PBXBuildFile section */
		4B3F9C46339BE1D6DB22BBB9 /* libPods-firebasetwitter.a in Frameworks */ = {isa = PBXBuildFile; fileRef = 7E899E88AB110510AD3BB49E /* libPods-firebasetwitter.a */; };
		B4D8B4C71F1DD0D000FFBCEF /* GoogleService-Info.plist in Resources */ = {isa = PBXBuildFile; fileRef = B4D8B4C61F1DD0D000FFBCEF /* GoogleService-Info.plist */; };
		B4D8B4CC1F1DD10300FFBCEF /* TwitterCore.framework in Frameworks */ = {isa = PBXBuildFile; fileRef = B4D8B4C81F1DD10300FFBCEF /* TwitterCore.framework */; };
		B4D8B4CD1F1DD10300FFBCEF /* TwitterKit.framework in Frameworks */ = {isa = PBXBuildFile; fileRef = B4D8B4C91F1DD10300FFBCEF /* TwitterKit.framework */; };
		B4D8B4CE1F1DD10300FFBCEF /* TwitterKitResources.bundle in Resources */ = {isa = PBXBuildFile; fileRef = B4D8B4CA1F1DD10300FFBCEF /* TwitterKitResources.bundle */; };
		B4D8B4CF1F1DD10300FFBCEF /* TwitterShareExtensionUIResources.bundle in Resources */ = {isa = PBXBuildFile; fileRef = B4D8B4CB1F1DD10300FFBCEF /* TwitterShareExtensionUIResources.bundle */; };
		B4D8B4D11F1DD16100FFBCEF /* SafariServices.framework in Frameworks */ = {isa = PBXBuildFile; fileRef = B4D8B4D01F1DD16100FFBCEF /* SafariServices.framework */; };
		B4D8B4D51F1DF49B00FFBCEF /* Default-568h@2x.png in Resources */ = {isa = PBXBuildFile; fileRef = B4D8B4D41F1DF49B00FFBCEF /* Default-568h@2x.png */; };
		B4FA8E2A1F1DCA9200F4DD44 /* main.m in Sources */ = {isa = PBXBuildFile; fileRef = B4FA8E291F1DCA9200F4DD44 /* main.m */; };
		B4FA8E2D1F1DCA9200F4DD44 /* AppDelegate.m in Sources */ = {isa = PBXBuildFile; fileRef = B4FA8E2C1F1DCA9200F4DD44 /* AppDelegate.m */; };
		B4FA8E301F1DCA9200F4DD44 /* ViewController.m in Sources */ = {isa = PBXBuildFile; fileRef = B4FA8E2F1F1DCA9200F4DD44 /* ViewController.m */; };
		B4FA8E331F1DCA9200F4DD44 /* Main.storyboard in Resources */ = {isa = PBXBuildFile; fileRef = B4FA8E311F1DCA9200F4DD44 /* Main.storyboard */; };
		B4FA8E351F1DCA9200F4DD44 /* Assets.xcassets in Resources */ = {isa = PBXBuildFile; fileRef = B4FA8E341F1DCA9200F4DD44 /* Assets.xcassets */; };
		B4FA8E381F1DCA9200F4DD44 /* LaunchScreen.storyboard in Resources */ = {isa = PBXBuildFile; fileRef = B4FA8E361F1DCA9200F4DD44 /* LaunchScreen.storyboard */; };
/* End PBXBuildFile section */

/* Begin PBXFileReference section */
		40F9C4D97FFB233502010065 /* Pods-firebasetwitter.release.xcconfig */ = {isa = PBXFileReference; includeInIndex = 1; lastKnownFileType = text.xcconfig; name = "Pods-firebasetwitter.release.xcconfig"; path = "Pods/Target Support Files/Pods-firebasetwitter/Pods-firebasetwitter.release.xcconfig"; sourceTree = "<group>"; };
		7E899E88AB110510AD3BB49E /* libPods-firebasetwitter.a */ = {isa = PBXFileReference; explicitFileType = archive.ar; includeInIndex = 0; path = "libPods-firebasetwitter.a"; sourceTree = BUILT_PRODUCTS_DIR; };
		B4D8B4C61F1DD0D000FFBCEF /* GoogleService-Info.plist */ = {isa = PBXFileReference; fileEncoding = 4; lastKnownFileType = text.plist.xml; path = "GoogleService-Info.plist"; sourceTree = "<group>"; };
		B4D8B4C81F1DD10300FFBCEF /* TwitterCore.framework */ = {isa = PBXFileReference; lastKnownFileType = wrapper.framework; path = TwitterCore.framework; sourceTree = "<group>"; };
		B4D8B4C91F1DD10300FFBCEF /* TwitterKit.framework */ = {isa = PBXFileReference; lastKnownFileType = wrapper.framework; path = TwitterKit.framework; sourceTree = "<group>"; };
		B4D8B4CA1F1DD10300FFBCEF /* TwitterKitResources.bundle */ = {isa = PBXFileReference; lastKnownFileType = "wrapper.plug-in"; path = TwitterKitResources.bundle; sourceTree = "<group>"; };
		B4D8B4CB1F1DD10300FFBCEF /* TwitterShareExtensionUIResources.bundle */ = {isa = PBXFileReference; lastKnownFileType = "wrapper.plug-in"; path = TwitterShareExtensionUIResources.bundle; sourceTree = "<group>"; };
		B4D8B4D01F1DD16100FFBCEF /* SafariServices.framework */ = {isa = PBXFileReference; lastKnownFileType = wrapper.framework; name = SafariServices.framework; path = System/Library/Frameworks/SafariServices.framework; sourceTree = SDKROOT; };
		B4D8B4D41F1DF49B00FFBCEF /* Default-568h@2x.png */ = {isa = PBXFileReference; lastKnownFileType = image.png; path = "Default-568h@2x.png"; sourceTree = "<group>"; };
		B4FA8E251F1DCA9200F4DD44 /* firebasetwitter.app */ = {isa = PBXFileReference; explicitFileType = wrapper.application; includeInIndex = 0; path = firebasetwitter.app; sourceTree = BUILT_PRODUCTS_DIR; };
		B4FA8E291F1DCA9200F4DD44 /* main.m */ = {isa = PBXFileReference; lastKnownFileType = sourcecode.c.objc; path = main.m; sourceTree = "<group>"; };
		B4FA8E2B1F1DCA9200F4DD44 /* AppDelegate.h */ = {isa = PBXFileReference; lastKnownFileType = sourcecode.c.h; path = AppDelegate.h; sourceTree = "<group>"; };
		B4FA8E2C1F1DCA9200F4DD44 /* AppDelegate.m */ = {isa = PBXFileReference; lastKnownFileType = sourcecode.c.objc; path = AppDelegate.m; sourceTree = "<group>"; };
		B4FA8E2E1F1DCA9200F4DD44 /* ViewController.h */ = {isa = PBXFileReference; lastKnownFileType = sourcecode.c.h; path = ViewController.h; sourceTree = "<group>"; };
		B4FA8E2F1F1DCA9200F4DD44 /* ViewController.m */ = {isa = PBXFileReference; lastKnownFileType = sourcecode.c.objc; path = ViewController.m; sourceTree = "<group>"; };
		B4FA8E321F1DCA9200F4DD44 /* Base */ = {isa = PBXFileReference; lastKnownFileType = file.storyboard; name = Base; path = Base.lproj/Main.storyboard; sourceTree = "<group>"; };
		B4FA8E341F1DCA9200F4DD44 /* Assets.xcassets */ = {isa = PBXFileReference; lastKnownFileType = folder.assetcatalog; path = Assets.xcassets; sourceTree = "<group>"; };
		B4FA8E371F1DCA9200F4DD44 /* Base */ = {isa = PBXFileReference; lastKnownFileType = file.storyboard; name = Base; path = Base.lproj/LaunchScreen.storyboard; sourceTree = "<group>"; };
		B4FA8E391F1DCA9200F4DD44 /* Info.plist */ = {isa = PBXFileReference; lastKnownFileType = text.plist.xml; path = Info.plist; sourceTree = "<group>"; };
		CCFF9D8156351041FF039FAB /* Pods-firebasetwitter.debug.xcconfig */ = {isa = PBXFileReference; includeInIndex = 1; lastKnownFileType = text.xcconfig; name = "Pods-firebasetwitter.debug.xcconfig"; path = "Pods/Target Support Files/Pods-firebasetwitter/Pods-firebasetwitter.debug.xcconfig"; sourceTree = "<group>"; };
/* End PBXFileReference section */

/* Begin PBXFrameworksBuildPhase section */
		B4FA8E221F1DCA9200F4DD44 /* Frameworks */ = {
			isa = PBXFrameworksBuildPhase;
			buildActionMask = 2147483647;
			files = (
				B4D8B4D11F1DD16100FFBCEF /* SafariServices.framework in Frameworks */,
				4B3F9C46339BE1D6DB22BBB9 /* libPods-firebasetwitter.a in Frameworks */,
				B4D8B4CC1F1DD10300FFBCEF /* TwitterCore.framework in Frameworks */,
				B4D8B4CD1F1DD10300FFBCEF /* TwitterKit.framework in Frameworks */,
			);
			runOnlyForDeploymentPostprocessing = 0;
		};
/* End PBXFrameworksBuildPhase section */

/* Begin PBXGroup section */
		1DB87C9D3586C76F04F361C7 /* Pods */ = {
			isa = PBXGroup;
			children = (
				CCFF9D8156351041FF039FAB /* Pods-firebasetwitter.debug.xcconfig */,
				40F9C4D97FFB233502010065 /* Pods-firebasetwitter.release.xcconfig */,
			);
			name = Pods;
			sourceTree = "<group>";
		};
		A85C872505449FC568087964 /* Frameworks */ = {
			isa = PBXGroup;
			children = (
				B4D8B4D01F1DD16100FFBCEF /* SafariServices.framework */,
				7E899E88AB110510AD3BB49E /* libPods-firebasetwitter.a */,
			);
			name = Frameworks;
			sourceTree = "<group>";
		};
		B4FA8E1C1F1DCA9200F4DD44 = {
			isa = PBXGroup;
			children = (
				B4D8B4D41F1DF49B00FFBCEF /* Default-568h@2x.png */,
				B4D8B4C61F1DD0D000FFBCEF /* GoogleService-Info.plist */,
				B4FA8E271F1DCA9200F4DD44 /* firebasetwitter */,
				B4FA8E261F1DCA9200F4DD44 /* Products */,
				1DB87C9D3586C76F04F361C7 /* Pods */,
				A85C872505449FC568087964 /* Frameworks */,
			);
			sourceTree = "<group>";
		};
		B4FA8E261F1DCA9200F4DD44 /* Products */ = {
			isa = PBXGroup;
			children = (
				B4FA8E251F1DCA9200F4DD44 /* firebasetwitter.app */,
			);
			name = Products;
			sourceTree = "<group>";
		};
		B4FA8E271F1DCA9200F4DD44 /* firebasetwitter */ = {
			isa = PBXGroup;
			children = (
				B4D8B4C81F1DD10300FFBCEF /* TwitterCore.framework */,
				B4D8B4C91F1DD10300FFBCEF /* TwitterKit.framework */,
				B4D8B4CA1F1DD10300FFBCEF /* TwitterKitResources.bundle */,
				B4D8B4CB1F1DD10300FFBCEF /* TwitterShareExtensionUIResources.bundle */,
				B4FA8E2B1F1DCA9200F4DD44 /* AppDelegate.h */,
				B4FA8E2C1F1DCA9200F4DD44 /* AppDelegate.m */,
				B4FA8E2E1F1DCA9200F4DD44 /* ViewController.h */,
				B4FA8E2F1F1DCA9200F4DD44 /* ViewController.m */,
				B4FA8E311F1DCA9200F4DD44 /* Main.storyboard */,
				B4FA8E341F1DCA9200F4DD44 /* Assets.xcassets */,
				B4FA8E361F1DCA9200F4DD44 /* LaunchScreen.storyboard */,
				B4FA8E391F1DCA9200F4DD44 /* Info.plist */,
				B4FA8E281F1DCA9200F4DD44 /* Supporting Files */,
			);
			path = firebasetwitter;
			sourceTree = "<group>";
		};
		B4FA8E281F1DCA9200F4DD44 /* Supporting Files */ = {
			isa = PBXGroup;
			children = (
				B4FA8E291F1DCA9200F4DD44 /* main.m */,
			);
			name = "Supporting Files";
			sourceTree = "<group>";
		};
/* End PBXGroup section */

/* Begin PBXNativeTarget section */
		B4FA8E241F1DCA9200F4DD44 /* firebasetwitter */ = {
			isa = PBXNativeTarget;
			buildConfigurationList = B4FA8E3C1F1DCA9200F4DD44 /* Build configuration list for PBXNativeTarget "firebasetwitter" */;
			buildPhases = (
				0E493644B16096C63700C3CC /* [CP] Check Pods Manifest.lock */,
				B4FA8E211F1DCA9200F4DD44 /* Sources */,
				B4FA8E221F1DCA9200F4DD44 /* Frameworks */,
				B4FA8E231F1DCA9200F4DD44 /* Resources */,
				68E125BD76B7F18C8870E953 /* [CP] Embed Pods Frameworks */,
				6BA55C7507E7CAAFED962F26 /* [CP] Copy Pods Resources */,
			);
			buildRules = (
			);
			dependencies = (
			);
			name = firebasetwitter;
			productName = firebasetwitter;
			productReference = B4FA8E251F1DCA9200F4DD44 /* firebasetwitter.app */;
			productType = "com.apple.product-type.application";
		};
/* End PBXNativeTarget section */

/* Begin PBXProject section */
		B4FA8E1D1F1DCA9200F4DD44 /* Project object */ = {
			isa = PBXProject;
			attributes = {
				LastUpgradeCheck = 0820;
				ORGANIZATIONNAME = Hitesh_iOScom.employee;
				TargetAttributes = {
					B4FA8E241F1DCA9200F4DD44 = {
						CreatedOnToolsVersion = 8.2.1;
						DevelopmentTeam = C8TKDZAK98;
						ProvisioningStyle = Automatic;
					};
				};
			};
			buildConfigurationList = B4FA8E201F1DCA9200F4DD44 /* Build configuration list for PBXProject "firebasetwitter" */;
			compatibilityVersion = "Xcode 3.2";
			developmentRegion = English;
			hasScannedForEncodings = 0;
			knownRegions = (
				en,
				Base,
			);
			mainGroup = B4FA8E1C1F1DCA9200F4DD44;
			productRefGroup = B4FA8E261F1DCA9200F4DD44 /* Products */;
			projectDirPath = "";
			projectRoot = "";
			targets = (
				B4FA8E241F1DCA9200F4DD44 /* firebasetwitter */,
			);
		};
/* End PBXProject section */

/* Begin PBXResourcesBuildPhase section */
		B4FA8E231F1DCA9200F4DD44 /* Resources */ = {
			isa = PBXResourcesBuildPhase;
			buildActionMask = 2147483647;
			files = (
				B4FA8E381F1DCA9200F4DD44 /* LaunchScreen.storyboard in Resources */,
				B4D8B4C71F1DD0D000FFBCEF /* GoogleService-Info.plist in Resources */,
				B4FA8E351F1DCA9200F4DD44 /* Assets.xcassets in Resources */,
				B4FA8E331F1DCA9200F4DD44 /* Main.storyboard in Resources */,
				B4D8B4CE1F1DD10300FFBCEF /* TwitterKitResources.bundle in Resources */,
				B4D8B4D51F1DF49B00FFBCEF /* Default-568h@2x.png in Resources */,
				B4D8B4CF1F1DD10300FFBCEF /* TwitterShareExtensionUIResources.bundle in Resources */,
			);
			runOnlyForDeploymentPostprocessing = 0;
		};
/* End PBXResourcesBuildPhase section */

/* Begin PBXShellScriptBuildPhase section */
		0E493644B16096C63700C3CC /* [CP] Check Pods Manifest.lock */ = {
			isa = PBXShellScriptBuildPhase;
			buildActionMask = 2147483647;
			files = (
			);
			inputPaths = (
			);
			name = "[CP] Check Pods Manifest.lock";
			outputPaths = (
			);
			runOnlyForDeploymentPostprocessing = 0;
			shellPath = /bin/sh;
			shellScript = "diff \"${PODS_PODFILE_DIR_PATH}/Podfile.lock\" \"${PODS_ROOT}/Manifest.lock\" > /dev/null\nif [ $? != 0 ] ; then\n    # print error to STDERR\n    echo \"error: The sandbox is not in sync with the Podfile.lock. Run 'pod install' or update your CocoaPods installation.\" >&2\n    exit 1\nfi\n";
			showEnvVarsInLog = 0;
		};
		68E125BD76B7F18C8870E953 /* [CP] Embed Pods Frameworks */ = {
			isa = PBXShellScriptBuildPhase;
			buildActionMask = 2147483647;
			files = (
			);
			inputPaths = (
			);
			name = "[CP] Embed Pods Frameworks";
			outputPaths = (
			);
			runOnlyForDeploymentPostprocessing = 0;
			shellPath = /bin/sh;
			shellScript = "\"${SRCROOT}/Pods/Target Support Files/Pods-firebasetwitter/Pods-firebasetwitter-frameworks.sh\"\n";
			showEnvVarsInLog = 0;
		};
		6BA55C7507E7CAAFED962F26 /* [CP] Copy Pods Resources */ = {
			isa = PBXShellScriptBuildPhase;
			buildActionMask = 2147483647;
			files = (
			);
			inputPaths = (
			);
			name = "[CP] Copy Pods Resources";
			outputPaths = (
			);
			runOnlyForDeploymentPostprocessing = 0;
			shellPath = /bin/sh;
			shellScript = "\"${SRCROOT}/Pods/Target Support Files/Pods-firebasetwitter/Pods-firebasetwitter-resources.sh\"\n";
			showEnvVarsInLog = 0;
		};
/* End PBXShellScriptBuildPhase section */

/* Begin PBXSourcesBuildPhase section */
		B4FA8E211F1DCA9200F4DD44 /* Sources */ = {
			isa = PBXSourcesBuildPhase;
			buildActionMask = 2147483647;
			files = (
				B4FA8E301F1DCA9200F4DD44 /* ViewController.m in Sources */,
				B4FA8E2D1F1DCA9200F4DD44 /* AppDelegate.m in Sources */,
				B4FA8E2A1F1DCA9200F4DD44 /* main.m in Sources */,
			);
			runOnlyForDeploymentPostprocessing = 0;
		};
/* End PBXSourcesBuildPhase section */

/* Begin PBXVariantGroup section */
		B4FA8E311F1DCA9200F4DD44 /* Main.storyboard */ = {
			isa = PBXVariantGroup;
			children = (
				B4FA8E321F1DCA9200F4DD44 /* Base */,
			);
			name = Main.storyboard;
			sourceTree = "<group>";
		};
		B4FA8E361F1DCA9200F4DD44 /* LaunchScreen.storyboard */ = {
			isa = PBXVariantGroup;
			children = (
				B4FA8E371F1DCA9200F4DD44 /* Base */,
			);
			name = LaunchScreen.storyboard;
			sourceTree = "<group>";
		};
/* End PBXVariantGroup section */

/* Begin XCBuildConfiguration section */
		B4FA8E3A1F1DCA9200F4DD44 /* Debug */ = {
			isa = XCBuildConfiguration;
			buildSettings = {
				ALWAYS_SEARCH_USER_PATHS = NO;
				CLANG_ANALYZER_NONNULL = YES;
				CLANG_CXX_LANGUAGE_STANDARD = "gnu++0x";
				CLANG_CXX_LIBRARY = "libc++";
				CLANG_ENABLE_MODULES = YES;
				CLANG_ENABLE_OBJC_ARC = YES;
				CLANG_WARN_BOOL_CONVERSION = YES;
				CLANG_WARN_CONSTANT_CONVERSION = YES;
				CLANG_WARN_DIRECT_OBJC_ISA_USAGE = YES_ERROR;
				CLANG_WARN_DOCUMENTATION_COMMENTS = YES;
				CLANG_WARN_EMPTY_BODY = YES;
				CLANG_WARN_ENUM_CONVERSION = YES;
				CLANG_WARN_INFINITE_RECURSION = YES;
				CLANG_WARN_INT_CONVERSION = YES;
				CLANG_WARN_OBJC_ROOT_CLASS = YES_ERROR;
				CLANG_WARN_SUSPICIOUS_MOVE = YES;
				CLANG_WARN_UNREACHABLE_CODE = YES;
				CLANG_WARN__DUPLICATE_METHOD_MATCH = YES;
				"CODE_SIGN_IDENTITY[sdk=iphoneos*]" = "iPhone Developer";
				COPY_PHASE_STRIP = NO;
				DEBUG_INFORMATION_FORMAT = dwarf;
				ENABLE_STRICT_OBJC_MSGSEND = YES;
				ENABLE_TESTABILITY = YES;
				GCC_C_LANGUAGE_STANDARD = gnu99;
				GCC_DYNAMIC_NO_PIC = NO;
				GCC_NO_COMMON_BLOCKS = YES;
				GCC_OPTIMIZATION_LEVEL = 0;
				GCC_PREPROCESSOR_DEFINITIONS = (
					"DEBUG=1",
					"$(inherited)",
				);
				GCC_WARN_64_TO_32_BIT_CONVERSION = YES;
				GCC_WARN_ABOUT_RETURN_TYPE = YES_ERROR;
				GCC_WARN_UNDECLARED_SELECTOR = YES;
				GCC_WARN_UNINITIALIZED_AUTOS = YES_AGGRESSIVE;
				GCC_WARN_UNUSED_FUNCTION = YES;
				GCC_WARN_UNUSED_VARIABLE = YES;
				IPHONEOS_DEPLOYMENT_TARGET = 10.2;
				MTL_ENABLE_DEBUG_INFO = YES;
				ONLY_ACTIVE_ARCH = YES;
				SDKROOT = iphoneos;
			};
			name = Debug;
		};
		B4FA8E3B1F1DCA9200F4DD44 /* Release */ = {
			isa = XCBuildConfiguration;
			buildSettings = {
				ALWAYS_SEARCH_USER_PATHS = NO;
				CLANG_ANALYZER_NONNULL = YES;
				CLANG_CXX_LANGUAGE_STANDARD = "gnu++0x";
				CLANG_CXX_LIBRARY = "libc++";
				CLANG_ENABLE_MODULES = YES;
				CLANG_ENABLE_OBJC_ARC = YES;
				CLANG_WARN_BOOL_CONVERSION = YES;
				CLANG_WARN_CONSTANT_CONVERSION = YES;
				CLANG_WARN_DIRECT_OBJC_ISA_USAGE = YES_ERROR;
				CLANG_WARN_DOCUMENTATION_COMMENTS = YES;
				CLANG_WARN_EMPTY_BODY = YES;
				CLANG_WARN_ENUM_CONVERSION = YES;
				CLANG_WARN_INFINITE_RECURSION = YES;
				CLANG_WARN_INT_CONVERSION = YES;
				CLANG_WARN_OBJC_ROOT_CLASS = YES_ERROR;
				CLANG_WARN_SUSPICIOUS_MOVE = YES;
				CLANG_WARN_UNREACHABLE_CODE = YES;
				CLANG_WARN__DUPLICATE_METHOD_MATCH = YES;
				"CODE_SIGN_IDENTITY[sdk=iphoneos*]" = "iPhone Developer";
				COPY_PHASE_STRIP = NO;
				DEBUG_INFORMATION_FORMAT = "dwarf-with-dsym";
				ENABLE_NS_ASSERTIONS = NO;
				ENABLE_STRICT_OBJC_MSGSEND = YES;
				GCC_C_LANGUAGE_STANDARD = gnu99;
				GCC_NO_COMMON_BLOCKS = YES;
				GCC_WARN_64_TO_32_BIT_CONVERSION = YES;
				GCC_WARN_ABOUT_RETURN_TYPE = YES_ERROR;
				GCC_WARN_UNDECLARED_SELECTOR = YES;
				GCC_WARN_UNINITIALIZED_AUTOS = YES_AGGRESSIVE;
				GCC_WARN_UNUSED_FUNCTION = YES;
				GCC_WARN_UNUSED_VARIABLE = YES;
				IPHONEOS_DEPLOYMENT_TARGET = 10.2;
				MTL_ENABLE_DEBUG_INFO = NO;
				SDKROOT = iphoneos;
				VALIDATE_PRODUCT = YES;
			};
			name = Release;
		};
		B4FA8E3D1F1DCA9200F4DD44 /* Debug */ = {
			isa = XCBuildConfiguration;
			baseConfigurationReference = CCFF9D8156351041FF039FAB /* Pods-firebasetwitter.debug.xcconfig */;
			buildSettings = {
				ASSETCATALOG_COMPILER_APPICON_NAME = AppIcon;
				DEVELOPMENT_TEAM = C8TKDZAK98;
				FRAMEWORK_SEARCH_PATHS = (
					"$(inherited)",
					"$(PROJECT_DIR)/firebasetwitter",
				);
				INFOPLIST_FILE = firebasetwitter/Info.plist;
				LD_RUNPATH_SEARCH_PATHS = "$(inherited) @executable_path/Frameworks";
				PRODUCT_BUNDLE_IDENTIFIER = com.employee.bhavy;
				PRODUCT_NAME = "$(TARGET_NAME)";
			};
			name = Debug;
		};
		B4FA8E3E1F1DCA9200F4DD44 /* Release */ = {
			isa = XCBuildConfiguration;
			baseConfigurationReference = 40F9C4D97FFB233502010065 /* Pods-firebasetwitter.release.xcconfig */;
			buildSettings = {
				ASSETCATALOG_COMPILER_APPICON_NAME = AppIcon;
				DEVELOPMENT_TEAM = C8TKDZAK98;
				FRAMEWORK_SEARCH_PATHS = (
					"$(inherited)",
					"$(PROJECT_DIR)/firebasetwitter",
				);
				INFOPLIST_FILE = firebasetwitter/Info.plist;
				LD_RUNPATH_SEARCH_PATHS = "$(inherited) @executable_path/Frameworks";
				PRODUCT_BUNDLE_IDENTIFIER = com.employee.bhavy;
				PRODUCT_NAME = "$(TARGET_NAME)";
			};
			name = Release;
		};
/* End XCBuildConfiguration section */

/* Begin XCConfigurationList section */
		B4FA8E201F1DCA9200F4DD44 /* Build configuration list for PBXProject "firebasetwitter" */ = {
			isa = XCConfigurationList;
			buildConfigurations = (
				B4FA8E3A1F1DCA9200F4DD44 /* Debug */,
				B4FA8E3B1F1DCA9200F4DD44 /* Release */,
			);
			defaultConfigurationIsVisible = 0;
			defaultConfigurationName = Release;
		};
		B4FA8E3C1F1DCA9200F4DD44 /* Build configuration list for PBXNativeTarget "firebasetwitter" */ = {
			isa = XCConfigurationList;
			buildConfigurations = (
				B4FA8E3D1F1DCA9200F4DD44 /* Debug */,
				B4FA8E3E1F1DCA9200F4DD44 /* Release */,
			);
			defaultConfigurationIsVisible = 0;
			defaultConfigurationName = Release;
		};
/* End XCConfigurationList section */
	};
	rootObject = B4FA8E1D1F1DCA9200F4DD44 /* Project object */;
}
